
Microsoft Visual Studio Solution File, Format Version 12.00
# Visual Studio Version 17
VisualStudioVersion = 17.5.33424.131
MinimumVisualStudioVersion = 10.0.40219.1
Project("{FAE04EC0-301F-11D3-BF4B-00C04F79EFBC}") = "Sort_and_Search_Application", "Sort_and_Search_Application\Sort_and_Search_Application.csproj", "{2806D601-F1D4-4C1B-992F-EDDA8417A3E9}"
EndProject
Global
	GlobalSection(SolutionConfigurationPlatforms) = preSolution
		Debug|Any CPU = Debug|Any CPU
		Release|Any CPU = Release|Any CPU
	EndGlobalSection
	GlobalSection(ProjectConfigurationPlatforms) = postSolution
		{2806D601-F1D4-4C1B-992F-EDDA8417A3E9}.Debug|Any CPU.ActiveCfg = Debug|Any CPU
		{2806D601-F1D4-4C1B-992F-EDDA8417A3E9}.Debug|Any CPU.Build.0 = Debug|Any CPU
		{2806D601-F1D4-4C1B-992F-EDDA8417A3E9}.Release|Any CPU.ActiveCfg = Release|Any CPU
		{2806D601-F1D4-4C1B-992F-EDDA8417A3E9}.Release|Any CPU.Build.0 = Release|Any CPU
	EndGlobalSection
	GlobalSection(SolutionProperties) = preSolution
		HideSolutionNode = FALSE
	EndGlobalSection
	GlobalSection(ExtensibilityGlobals) = postSolution
		SolutionGuid = {2EAD3714-7590-4BAC-AE85-D5E35339F53D}
	EndGlobalSection
EndGlobal
